
Microsoft Visual Studio Solution File, Format Version 12.00
# Visual Studio Version 17
VisualStudioVersion = 17.11.35222.181
MinimumVisualStudioVersion = 10.0.40219.1
Project("{FAE04EC0-301F-11D3-BF4B-00C04F79EFBC}") = "ConsoleApp1", "ConsoleApp1\ConsoleApp1.csproj", "{D4ABEB70-863A-4863-9EEA-878893166902}"
EndProject
Global
	GlobalSection(SolutionConfigurationPlatforms) = preSolution
		Debug|Any CPU = Debug|Any CPU
		Release|Any CPU = Release|Any CPU
	EndGlobalSection
	GlobalSection(ProjectConfigurationPlatforms) = postSolution
		{D4ABEB70-863A-4863-9EEA-878893166902}.Debug|Any CPU.ActiveCfg = Debug|Any CPU
		{D4ABEB70-863A-4863-9EEA-878893166902}.Debug|Any CPU.Build.0 = Debug|Any CPU
		{D4ABEB70-863A-4863-9EEA-878893166902}.Release|Any CPU.ActiveCfg = Release|Any CPU
		{D4ABEB70-863A-4863-9EEA-878893166902}.Release|Any CPU.Build.0 = Release|Any CPU
	EndGlobalSection
	GlobalSection(SolutionProperties) = preSolution
		HideSolutionNode = FALSE
	EndGlobalSection
	GlobalSection(ExtensibilityGlobals) = postSolution
		SolutionGuid = {17F0E64B-2328-4621-B08D-79492548E96B}
	EndGlobalSection
EndGlobal
